{
  "name": "analysis",
  "version": "1.0.0",
  "lockfileVersion": 2,
  "requires": true,
  "packages": {
    "": {
      "name": "analysis",
      "version": "1.0.0",
      "license": "ISC",
      "dependencies": {
        "@lezer/python": "^0.15.1"
      }
    },
    "node_modules/@lezer/common": {
      "version": "0.15.12",
      "resolved": "https://registry.npmjs.org/@lezer/common/-/common-0.15.12.tgz",
      "integrity": "sha512-edfwCxNLnzq5pBA/yaIhwJ3U3Kz8VAUOTRg0hhxaizaI1N+qxV7EXDv/kLCkLeq2RzSFvxexlaj5Mzfn2kY0Ig=="
    },
    "node_modules/@lezer/lr": {
      "version": "0.15.8",
      "resolved": "https://registry.npmjs.org/@lezer/lr/-/lr-0.15.8.tgz",
      "integrity": "sha512-bM6oE6VQZ6hIFxDNKk8bKPa14hqFrV07J/vHGOeiAbJReIaQXmkVb6xQu4MR+JBTLa5arGRyAAjJe1qaQt3Uvg==",
      "dependencies": {
        "@lezer/common": "^0.15.0"
      }
    },
    "node_modules/@lezer/python": {
      "version": "0.15.1",
      "resolved": "https://registry.npmjs.org/@lezer/python/-/python-0.15.1.tgz",
      "integrity": "sha512-Xdb2nh+FoxR8ssEADGsroDtsnP+EDhiPpW9zhER3h+6cpGtZ2e9Oq/Rwn9nFQRiKCfMT+AQaqC3ZgAbhbnumyQ==",
      "dependencies": {
        "@lezer/lr": "^0.15.0"
      }
    }
  },
  "dependencies": {
    "@lezer/common": {
      "version": "0.15.12",
      "resolved": "https://registry.npmjs.org/@lezer/common/-/common-0.15.12.tgz",
      "integrity": "sha512-edfwCxNLnzq5pBA/yaIhwJ3U3Kz8VAUOTRg0hhxaizaI1N+qxV7EXDv/kLCkLeq2RzSFvxexlaj5Mzfn2kY0Ig=="
    },
    "@lezer/lr": {
      "version": "0.15.8",
      "resolved": "https://registry.npmjs.org/@lezer/lr/-/lr-0.15.8.tgz",
      "integrity": "sha512-bM6oE6VQZ6hIFxDNKk8bKPa14hqFrV07J/vHGOeiAbJReIaQXmkVb6xQu4MR+JBTLa5arGRyAAjJe1qaQt3Uvg==",
      "requires": {
        "@lezer/common": "^0.15.0"
      }
    },
    "@lezer/python": {
      "version": "0.15.1",
      "resolved": "https://registry.npmjs.org/@lezer/python/-/python-0.15.1.tgz",
      "integrity": "sha512-Xdb2nh+FoxR8ssEADGsroDtsnP+EDhiPpW9zhER3h+6cpGtZ2e9Oq/Rwn9nFQRiKCfMT+AQaqC3ZgAbhbnumyQ==",
      "requires": {
        "@lezer/lr": "^0.15.0"
      }
    }
  }
}
